
Microsoft Visual Studio Solution File, Format Version 12.00
# Visual Studio 15
VisualStudioVersion = 15.0.27703.2042
MinimumVisualStudioVersion = 10.0.40219.1
Project("{FAE04EC0-301F-11D3-BF4B-00C04F79EFBC}") = "ExpenseManagementWebApp", "ExpenseManagementWebApp\ExpenseManagementWebApp.csproj", "{5599478D-BAD9-4A23-AAC7-C9B675913336}"
EndProject
Project("{9A19103F-16F7-4668-BE54-9A1E7A4F7556}") = "ExpenseManagementShared", "..\ExpenseManagementShared\ExpenseManagementShared\ExpenseManagementShared.csproj", "{43145DDB-E4BA-4A9D-9A13-25319AB1760C}"
EndProject
Global
	GlobalSection(SolutionConfigurationPlatforms) = preSolution
		Debug|Any CPU = Debug|Any CPU
		Release|Any CPU = Release|Any CPU
	EndGlobalSection
	GlobalSection(ProjectConfigurationPlatforms) = postSolution
		{5599478D-BAD9-4A23-AAC7-C9B675913336}.Debug|Any CPU.ActiveCfg = Debug|Any CPU
		{5599478D-BAD9-4A23-AAC7-C9B675913336}.Debug|Any CPU.Build.0 = Debug|Any CPU
		{5599478D-BAD9-4A23-AAC7-C9B675913336}.Release|Any CPU.ActiveCfg = Release|Any CPU
		{5599478D-BAD9-4A23-AAC7-C9B675913336}.Release|Any CPU.Build.0 = Release|Any CPU
		{43145DDB-E4BA-4A9D-9A13-25319AB1760C}.Debug|Any CPU.ActiveCfg = Debug|Any CPU
		{43145DDB-E4BA-4A9D-9A13-25319AB1760C}.Debug|Any CPU.Build.0 = Debug|Any CPU
		{43145DDB-E4BA-4A9D-9A13-25319AB1760C}.Release|Any CPU.ActiveCfg = Release|Any CPU
		{43145DDB-E4BA-4A9D-9A13-25319AB1760C}.Release|Any CPU.Build.0 = Release|Any CPU
	EndGlobalSection
	GlobalSection(SolutionProperties) = preSolution
		HideSolutionNode = FALSE
	EndGlobalSection
	GlobalSection(ExtensibilityGlobals) = postSolution
		SolutionGuid = {6402CD78-FC62-49D6-8750-DCA8FA8423DA}
	EndGlobalSection
EndGlobal
